<?xml version="1.0" encoding="utf-8"?>
<Project ToolsVersion="4.0" xmlns="http://schemas.microsoft.com/developer/msbuild/2003">
  <ItemGroup>
    <Filter Include="ソース ファイル">
      <UniqueIdentifier>{4FC737F1-C7A5-4376-A066-2A32D752A2FF}</UniqueIdentifier>
      <Extensions>cpp;c;cc;cxx;c++;cppm;ixx;def;odl;idl;hpj;bat;asm;asmx</Extensions>
    </Filter>
    <Filter Include="ヘッダー ファイル">
      <UniqueIdentifier>{93995380-89BD-4b04-88EB-625FBE52EBFB}</UniqueIdentifier>
      <Extensions>h;hh;hpp;hxx;h++;hm;inl;inc;ipp;xsd</Extensions>
    </Filter>
    <Filter Include="リソース ファイル">
      <UniqueIdentifier>{67DA6AB6-F800-4c08-8B7A-83BB121AAD01}</UniqueIdentifier>
      <Extensions>rc;ico;cur;bmp;dlg;rc2;rct;bin;rgs;gif;jpg;jpeg;jpe;resx;tiff;tif;png;wav;mfcribbon-ms</Extensions>
    </Filter>
    <Filter Include="シェーダーファイル">
      <UniqueIdentifier>{ea258569-b660-420a-9e3e-4c8332bf7abd}</UniqueIdentifier>
    </Filter>
    <Filter Include="ソース ファイル\engine">
      <UniqueIdentifier>{02665c84-6c24-4aae-bc0f-130e291f2ace}</UniqueIdentifier>
    </Filter>
    <Filter Include="ソース ファイル\engine\io">
      <UniqueIdentifier>{30d2da57-2142-4170-89c9-0de82e937712}</UniqueIdentifier>
    </Filter>
    <Filter Include="ソース ファイル\engine\collision">
      <UniqueIdentifier>{7e527ba9-88a0-49d2-96be-619fd68d914d}</UniqueIdentifier>
    </Filter>
    <Filter Include="ソース ファイル\engine\base">
      <UniqueIdentifier>{b34b5f4d-8da2-4c76-a768-a587dbbd0fb4}</UniqueIdentifier>
    </Filter>
    <Filter Include="ソース ファイル\engine\3d">
      <UniqueIdentifier>{7cc5e634-48bf-4dde-b765-a443a760db8a}</UniqueIdentifier>
    </Filter>
    <Filter Include="ソース ファイル\engine\2d">
      <UniqueIdentifier>{08871f64-5b97-45d7-83a3-cded8815e58e}</UniqueIdentifier>
    </Filter>
    <Filter Include="ソース ファイル\engine\scene">
      <UniqueIdentifier>{1ad579dd-0f65-4422-b530-bf8cb493ca9d}</UniqueIdentifier>
    </Filter>
    <Filter Include="ソース ファイル\application">
      <UniqueIdentifier>{081d43d0-b0f8-4443-bb37-11c526a89ada}</UniqueIdentifier>
    </Filter>
    <Filter Include="ソース ファイル\engine\camera">
      <UniqueIdentifier>{ebb94f90-f5dd-45d7-8f60-f5f13f99b580}</UniqueIdentifier>
    </Filter>
    <Filter Include="ソース ファイル\engine\loader">
      <UniqueIdentifier>{b905bd47-3e67-4a41-a7a4-a37ebd6e5dd5}</UniqueIdentifier>
    </Filter>
    <Filter Include="ソース ファイル\engine\light">
      <UniqueIdentifier>{67e48492-e2d5-4483-9a7e-c501102db0b4}</UniqueIdentifier>
    </Filter>
    <Filter Include="ヘッダー ファイル\engine">
      <UniqueIdentifier>{c09f5e8a-1371-43a2-b45c-04eb122a088e}</UniqueIdentifier>
    </Filter>
    <Filter Include="ヘッダー ファイル\engine\2d">
      <UniqueIdentifier>{c4aeb0fe-b898-4470-826e-290840755c2d}</UniqueIdentifier>
    </Filter>
    <Filter Include="ヘッダー ファイル\engine\3d">
      <UniqueIdentifier>{f70329f3-d51f-41fb-b4f0-ef1f691aa48e}</UniqueIdentifier>
    </Filter>
    <Filter Include="ヘッダー ファイル\engine\audio">
      <UniqueIdentifier>{3ef95031-4225-44b4-9320-0acab873df22}</UniqueIdentifier>
    </Filter>
    <Filter Include="ヘッダー ファイル\engine\base">
      <UniqueIdentifier>{a4cee43c-0515-470d-8401-2a888082fed8}</UniqueIdentifier>
    </Filter>
    <Filter Include="ヘッダー ファイル\engine\collision">
      <UniqueIdentifier>{8d9e98e4-715d-4d74-b6d5-bbe5ac03e8da}</UniqueIdentifier>
    </Filter>
    <Filter Include="ヘッダー ファイル\engine\io">
      <UniqueIdentifier>{7881f9ca-dcd1-445c-8abb-72dfcd7b8f1c}</UniqueIdentifier>
    </Filter>
    <Filter Include="ヘッダー ファイル\engine\camera">
      <UniqueIdentifier>{7c55c3da-c26a-4fd0-94f1-72eceb9be33b}</UniqueIdentifier>
    </Filter>
    <Filter Include="ヘッダー ファイル\engine\scene">
      <UniqueIdentifier>{d0477c18-d864-4a22-aa23-5653377e8bc5}</UniqueIdentifier>
    </Filter>
    <Filter Include="ヘッダー ファイル\engine\light">
      <UniqueIdentifier>{9cd8da69-ed02-4bcb-aa70-d3777a04b8ce}</UniqueIdentifier>
    </Filter>
    <Filter Include="ヘッダー ファイル\engine\loader">
      <UniqueIdentifier>{03b0b1a0-e313-46ff-95fb-4b4264402177}</UniqueIdentifier>
    </Filter>
    <Filter Include="ヘッダー ファイル\engine\math">
      <UniqueIdentifier>{00c57f08-2056-4bf2-a547-e08cf731c0fe}</UniqueIdentifier>
    </Filter>
    <Filter Include="ソース ファイル\engine\math">
      <UniqueIdentifier>{7fe90c76-6023-4b5c-9951-116bf1d5c1fc}</UniqueIdentifier>
    </Filter>
    <Filter Include="ソース ファイル\application\scene">
      <UniqueIdentifier>{cdbe2102-9691-4b16-9334-ba37df464fbe}</UniqueIdentifier>
    </Filter>
    <Filter Include="ソース ファイル\application\camera">
      <UniqueIdentifier>{3258f7eb-a3ae-4b9b-bfc5-611717b27e19}</UniqueIdentifier>
    </Filter>
    <Filter Include="ソース ファイル\application\object">
      <UniqueIdentifier>{53493948-894a-4315-a3e6-d89a7da47a91}</UniqueIdentifier>
    </Filter>
    <Filter Include="ソース ファイル\application\particle">
      <UniqueIdentifier>{38efeb82-2c41-412a-bd43-7ecb74020315}</UniqueIdentifier>
    </Filter>
    <Filter Include="ソース ファイル\application\debug">
      <UniqueIdentifier>{2bec686b-86aa-41ee-ac7e-63c494813b6e}</UniqueIdentifier>
    </Filter>
    <Filter Include="ヘッダー ファイル\application">
      <UniqueIdentifier>{9f38b880-1998-4459-9265-0d079e608bb2}</UniqueIdentifier>
    </Filter>
    <Filter Include="ヘッダー ファイル\application\object">
      <UniqueIdentifier>{e58ec66c-ecb5-43e1-a941-a3468bbe0a4b}</UniqueIdentifier>
    </Filter>
    <Filter Include="ヘッダー ファイル\application\scene">
      <UniqueIdentifier>{d34ee322-17f4-4255-9492-0a646d9a162c}</UniqueIdentifier>
    </Filter>
    <Filter Include="ヘッダー ファイル\application\camera">
      <UniqueIdentifier>{73a18352-eec5-4aaf-ab9b-75ac6697d364}</UniqueIdentifier>
    </Filter>
    <Filter Include="ヘッダー ファイル\application\postEffect">
      <UniqueIdentifier>{303b80e0-8b7c-433e-a048-4c9fcd9f2010}</UniqueIdentifier>
    </Filter>
    <Filter Include="ヘッダー ファイル\application\particle">
      <UniqueIdentifier>{19fc2173-1364-4484-a04d-8bd3707dfd53}</UniqueIdentifier>
    </Filter>
    <Filter Include="ヘッダー ファイル\application\debug">
      <UniqueIdentifier>{b57c3464-f3b3-4bd4-99ef-13ff67068078}</UniqueIdentifier>
    </Filter>
    <Filter Include="リソース ファイル\Shaders">
      <UniqueIdentifier>{ae37a6d1-e1db-40fb-a852-fee2fd14a170}</UniqueIdentifier>
    </Filter>
    <Filter Include="ソース ファイル\engine\audio">
      <UniqueIdentifier>{2c701f22-383e-465a-bb63-811b8756a2be}</UniqueIdentifier>
    </Filter>
  </ItemGroup>
  <ItemGroup>
    <ClCompile Include="Source\main.cpp">
      <Filter>ソース ファイル</Filter>
    </ClCompile>
    <ClCompile Include="Source\engine\2d\Sprite.cpp">
      <Filter>ソース ファイル\engine\2d</Filter>
    </ClCompile>
    <ClCompile Include="Source\engine\2d\SpriteCommon.cpp">
      <Filter>ソース ファイル\engine\2d</Filter>
    </ClCompile>
    <ClCompile Include="Source\engine\3d\Object3d.cpp">
      <Filter>ソース ファイル\engine\3d</Filter>
    </ClCompile>
    <ClCompile Include="Source\engine\3d\Model.cpp">
      <Filter>ソース ファイル\engine\3d</Filter>
    </ClCompile>
    <ClCompile Include="Source\engine\audio\Sound.cpp">
      <Filter>ソース ファイル\engine\audio</Filter>
    </ClCompile>
    <ClCompile Include="Source\engine\collision\Collision.cpp">
      <Filter>ソース ファイル\engine\collision</Filter>
    </ClCompile>
    <ClCompile Include="Source\engine\collision\CollisionPrimitive.cpp">
      <Filter>ソース ファイル\engine\collision</Filter>
    </ClCompile>
    <ClCompile Include="Source\engine\io\Input.cpp">
      <Filter>ソース ファイル\engine\io</Filter>
    </ClCompile>
    <ClCompile Include="Source\engine\io\KeyInput.cpp">
      <Filter>ソース ファイル\engine\io</Filter>
    </ClCompile>
    <ClCompile Include="Source\engine\base\DirectXBasic.cpp">
      <Filter>ソース ファイル\engine\base</Filter>
    </ClCompile>
    <ClCompile Include="Source\engine\base\WindowsAPI.cpp">
      <Filter>ソース ファイル\engine\base</Filter>
    </ClCompile>
    <ClCompile Include="Source\engine\camera\Camera.cpp">
      <Filter>ソース ファイル\engine\camera</Filter>
    </ClCompile>
    <ClCompile Include="Source\engine\loader\LevelManager.cpp">
      <Filter>ソース ファイル\engine\loader</Filter>
    </ClCompile>
    <ClCompile Include="Source\engine\light\LightGroup.cpp">
      <Filter>ソース ファイル\engine\light</Filter>
    </ClCompile>
    <ClCompile Include="Source\application\postEffect\PostEffect.cpp">
      <Filter>ソース ファイル\engine\2d</Filter>
    </ClCompile>
    <ClCompile Include="Source\engine\math\MathUtillity.cpp">
      <Filter>ソース ファイル\engine\math</Filter>
    </ClCompile>
    <ClCompile Include="Source\engine\collision\CollisionManager.cpp">
      <Filter>ソース ファイル\engine\collision</Filter>
    </ClCompile>
    <ClCompile Include="Source\engine\collision\MeshCollider.cpp">
      <Filter>ソース ファイル\engine\collision</Filter>
    </ClCompile>
    <ClCompile Include="Source\engine\collision\SphereCollider.cpp">
      <Filter>ソース ファイル\engine\collision</Filter>
    </ClCompile>
    <ClCompile Include="Source\engine\3d\Mesh.cpp">
      <Filter>ソース ファイル\engine\3d</Filter>
    </ClCompile>
    <ClCompile Include="Source\engine\3d\TouchableObject.cpp">
      <Filter>ソース ファイル\engine\3d</Filter>
    </ClCompile>
    <ClCompile Include="Source\application\MyGame.cpp">
      <Filter>ソース ファイル\application</Filter>
    </ClCompile>
    <ClCompile Include="Source\engine\io\GamePad.cpp">
      <Filter>ソース ファイル\engine\io</Filter>
    </ClCompile>
    <ClCompile Include="Source\engine\base\MyFramework.cpp">
      <Filter>ソース ファイル\engine\base</Filter>
    </ClCompile>
    <ClCompile Include="Source\application\camera\GameCamera.cpp">
      <Filter>ソース ファイル\application\camera</Filter>
    </ClCompile>
    <ClCompile Include="Source\application\scene\GameScene.cpp">
      <Filter>ソース ファイル\application\scene</Filter>
    </ClCompile>
    <ClCompile Include="Source\application\object\Stage.cpp">
      <Filter>ソース ファイル\application\object</Filter>
    </ClCompile>
    <ClCompile Include="Source\application\scene\ClearScene.cpp">
      <Filter>ソース ファイル\application\scene</Filter>
    </ClCompile>
    <ClCompile Include="Source\application\particle\ParticleManager.cpp">
      <Filter>ソース ファイル\application\particle</Filter>
    </ClCompile>
    <ClCompile Include="Source\engine\scene\SceneManager.cpp">
      <Filter>ソース ファイル\engine\scene</Filter>
    </ClCompile>
    <ClCompile Include="Source\engine\scene\BaseScene.cpp">
      <Filter>ソース ファイル\engine\scene</Filter>
    </ClCompile>
    <ClCompile Include="Source\application\scene\TitleScene.cpp">
      <Filter>ソース ファイル\application\scene</Filter>
    </ClCompile>
    <ClCompile Include="Source\application\object\Player.cpp">
      <Filter>ソース ファイル\application\object</Filter>
    </ClCompile>
    <ClCompile Include="Source\application\debug\ImGuiManager.cpp">
      <Filter>ソース ファイル\application\debug</Filter>
    </ClCompile>
    <ClCompile Include="Source\engine\math\Vector3.cpp">
      <Filter>ソース ファイル\engine\math</Filter>
    </ClCompile>
    <ClCompile Include="Source\engine\math\Quaternion.cpp">
      <Filter>ソース ファイル\engine\math</Filter>
    </ClCompile>
    <ClCompile Include="Source\engine\math\Matrix4.cpp">
      <Filter>ソース ファイル\engine\math</Filter>
    </ClCompile>
    <ClCompile Include="Source\engine\math\Vector2.cpp">
      <Filter>ソース ファイル\engine\math</Filter>
    </ClCompile>
    <ClCompile Include="Source\engine\2d\TextureManager.cpp">
      <Filter>ソース ファイル\engine\2d</Filter>
    </ClCompile>
    <ClCompile Include="Source\engine\math\Vector4.cpp">
      <Filter>ソース ファイル\engine\math</Filter>
    </ClCompile>
    <ClCompile Include="Source\engine\audio\SoundManager.cpp">
      <Filter>ソース ファイル\engine\audio</Filter>
    </ClCompile>
    <ClCompile Include="Source\application\object\BackGround.cpp">
      <Filter>ソース ファイル\engine\3d</Filter>
    </ClCompile>
    <ClCompile Include="Source\engine\math\Easing.cpp">
      <Filter>ソース ファイル\engine\math</Filter>
    </ClCompile>
    <ClCompile Include="Source\application\particle\GroundParticle.cpp">
      <Filter>ソース ファイル\application\particle</Filter>
    </ClCompile>
    <ClCompile Include="Source\application\object\HitWall.cpp">
      <Filter>ソース ファイル\application\object</Filter>
    </ClCompile>
    <ClCompile Include="Source\application\scene\StageSelect.cpp">
      <Filter>ソース ファイル\application\scene</Filter>
    </ClCompile>
    <ClCompile Include="Source\application\scene\TutorialScene.cpp">
      <Filter>ソース ファイル\application\scene</Filter>
    </ClCompile>
    <ClCompile Include="Source\application\scene\SceneFactory.cpp">
      <Filter>ソース ファイル\application\scene</Filter>
    </ClCompile>
    <ClCompile Include="Source\application\particle\ParticleEmitter..cpp">
      <Filter>ソース ファイル\application\particle</Filter>
    </ClCompile>
    <ClCompile Include="Source\application\particle\ObjParticleManager.cpp">
      <Filter>ソース ファイル\application\particle</Filter>
    </ClCompile>
    <ClCompile Include="Source\application\particle\ObjParticleEmitter.cpp">
      <Filter>ソース ファイル\application\particle</Filter>
    </ClCompile>
    <ClCompile Include="Source\application\particle\BlockParticle.cpp">
      <Filter>ソース ファイル\application\particle</Filter>
    </ClCompile>
    <ClCompile Include="Source\application\particle\LandParticle.cpp">
      <Filter>ソース ファイル\application\particle</Filter>
    </ClCompile>
    <ClCompile Include="Source\application\particle\DeadParticle.cpp">
      <Filter>ソース ファイル\application\particle</Filter>
    </ClCompile>
    <ClCompile Include="Source\application\game\GameSpeed.cpp">
      <Filter>ソース ファイル</Filter>
    </ClCompile>
    <ClCompile Include="Source\application\particle\SecondJump2DParticle.cpp">
      <Filter>ソース ファイル</Filter>
    </ClCompile>
    <ClCompile Include="Source\application\particle\BreakParticle.cpp">
      <Filter>ソース ファイル</Filter>
    </ClCompile>
    <ClCompile Include="Source\application\game\GameTimer.cpp">
      <Filter>ソース ファイル</Filter>
    </ClCompile>
    <ClCompile Include="Source\application\particle\HitParticle2D.cpp">
      <Filter>ソース ファイル</Filter>
    </ClCompile>
    <ClCompile Include="Source\engine\2d\TextureConverter.cpp">
      <Filter>ソース ファイル</Filter>
    </ClCompile>
    <ClCompile Include="Source\application\object\GoalOBJ.cpp">
      <Filter>ソース ファイル</Filter>
    </ClCompile>
    <ClCompile Include="Source\application\object\MirrorPlayer.cpp">
      <Filter>ソース ファイル</Filter>
    </ClCompile>
    <ClCompile Include="Source\application\event\TutorialEvent.cpp">
      <Filter>ソース ファイル</Filter>
    </ClCompile>
    <ClCompile Include="Source\application\event\Event.cpp">
      <Filter>ソース ファイル</Filter>
    </ClCompile>
    <ClCompile Include="Source\application\sprite\GameSprite.cpp">
      <Filter>ソース ファイル</Filter>
    </ClCompile>
  </ItemGroup>
  <ItemGroup>
    <ClInclude Include="Source\engine\2d\Sprite.h">
      <Filter>ヘッダー ファイル\engine\2d</Filter>
    </ClInclude>
    <ClInclude Include="Source\engine\2d\SpriteCommon.h">
      <Filter>ヘッダー ファイル\engine\2d</Filter>
    </ClInclude>
    <ClInclude Include="Source\engine\3d\Object3d.h">
      <Filter>ヘッダー ファイル\engine\3d</Filter>
    </ClInclude>
    <ClInclude Include="Source\engine\3d\Model.h">
      <Filter>ヘッダー ファイル\engine\3d</Filter>
    </ClInclude>
    <ClInclude Include="Source\engine\audio\Sound.h">
      <Filter>ヘッダー ファイル\engine\audio</Filter>
    </ClInclude>
    <ClInclude Include="Source\engine\base\WindowsAPI.h">
      <Filter>ヘッダー ファイル\engine\base</Filter>
    </ClInclude>
    <ClInclude Include="Source\engine\base\DirectXBasic.h">
      <Filter>ヘッダー ファイル\engine\base</Filter>
    </ClInclude>
    <ClInclude Include="Source\engine\collision\Collision.h">
      <Filter>ヘッダー ファイル\engine\collision</Filter>
    </ClInclude>
    <ClInclude Include="Source\engine\collision\CollisionPrimitive.h">
      <Filter>ヘッダー ファイル\engine\collision</Filter>
    </ClInclude>
    <ClInclude Include="Source\engine\io\Input.h">
      <Filter>ヘッダー ファイル\engine\io</Filter>
    </ClInclude>
    <ClInclude Include="Source\engine\io\KeyInput.h">
      <Filter>ヘッダー ファイル\engine\io</Filter>
    </ClInclude>
    <ClInclude Include="Source\engine\camera\Camera.h">
      <Filter>ヘッダー ファイル\engine\camera</Filter>
    </ClInclude>
    <ClInclude Include="Source\engine\light\DirectionalLight.h">
      <Filter>ヘッダー ファイル\engine\light</Filter>
    </ClInclude>
    <ClInclude Include="Source\engine\light\LightGroup.h">
      <Filter>ヘッダー ファイル\engine\light</Filter>
    </ClInclude>
    <ClInclude Include="Source\engine\loader\LevelManager.h">
      <Filter>ヘッダー ファイル\engine\loader</Filter>
    </ClInclude>
    <ClInclude Include="Source\engine\math\MathUtillity.h">
      <Filter>ヘッダー ファイル\engine\math</Filter>
    </ClInclude>
    <ClInclude Include="Source\engine\collision\BaseCollider.h">
      <Filter>ヘッダー ファイル\engine\collision</Filter>
    </ClInclude>
    <ClInclude Include="Source\engine\collision\CollisionAttribute.h">
      <Filter>ヘッダー ファイル\engine\collision</Filter>
    </ClInclude>
    <ClInclude Include="Source\engine\collision\CollisionInfo.h">
      <Filter>ヘッダー ファイル\engine\collision</Filter>
    </ClInclude>
    <ClInclude Include="Source\engine\collision\CollisionManager.h">
      <Filter>ヘッダー ファイル\engine\collision</Filter>
    </ClInclude>
    <ClInclude Include="Source\engine\collision\CollisionTypes.h">
      <Filter>ヘッダー ファイル\engine\collision</Filter>
    </ClInclude>
    <ClInclude Include="Source\engine\collision\MeshCollider.h">
      <Filter>ヘッダー ファイル\engine\collision</Filter>
    </ClInclude>
    <ClInclude Include="Source\engine\collision\SphereCollider.h">
      <Filter>ヘッダー ファイル\engine\collision</Filter>
    </ClInclude>
    <ClInclude Include="Source\engine\base\MyFramework.h">
      <Filter>ヘッダー ファイル\engine\base</Filter>
    </ClInclude>
    <ClInclude Include="Source\application\MyGame.h">
      <Filter>ヘッダー ファイル\application</Filter>
    </ClInclude>
    <ClInclude Include="Source\engine\io\GamePad.h">
      <Filter>ヘッダー ファイル\engine\io</Filter>
    </ClInclude>
    <ClInclude Include="Source\engine\3d\Mesh.h">
      <Filter>ヘッダー ファイル\engine\3d</Filter>
    </ClInclude>
    <ClInclude Include="Source\engine\collision\RaycastHit.h">
      <Filter>ヘッダー ファイル\engine\collision</Filter>
    </ClInclude>
    <ClInclude Include="Source\engine\3d\TouchableObject.h">
      <Filter>ヘッダー ファイル\engine\3d</Filter>
    </ClInclude>
    <ClInclude Include="Source\application\scene\GameScene.h">
      <Filter>ヘッダー ファイル\application\scene</Filter>
    </ClInclude>
    <ClInclude Include="Source\engine\scene\SceneManager.h">
      <Filter>ヘッダー ファイル\engine\scene</Filter>
    </ClInclude>
    <ClInclude Include="Source\engine\scene\AbstractSceneFactory.h">
      <Filter>ヘッダー ファイル\application\object</Filter>
    </ClInclude>
    <ClInclude Include="Source\application\camera\GameCamera.h">
      <Filter>ヘッダー ファイル\application\camera</Filter>
    </ClInclude>
    <ClInclude Include="Source\application\object\Player.h">
      <Filter>ヘッダー ファイル\application\object</Filter>
    </ClInclude>
    <ClInclude Include="Source\engine\scene\BaseScene.h">
      <Filter>ヘッダー ファイル\engine\scene</Filter>
    </ClInclude>
    <ClInclude Include="Source\application\scene\ClearScene.h">
      <Filter>ヘッダー ファイル\application\scene</Filter>
    </ClInclude>
    <ClInclude Include="Source\application\object\Stage.h">
      <Filter>ヘッダー ファイル\application\object</Filter>
    </ClInclude>
    <ClInclude Include="Source\application\object\ObjectAttribute.h">
      <Filter>ヘッダー ファイル\application\object</Filter>
    </ClInclude>
    <ClInclude Include="Source\application\postEffect\PostEffect.h">
      <Filter>ヘッダー ファイル\application\postEffect</Filter>
    </ClInclude>
    <ClInclude Include="Source\application\scene\TitleScene.h">
      <Filter>ヘッダー ファイル\application\scene</Filter>
    </ClInclude>
    <ClInclude Include="Source\application\particle\ParticleManager.h">
      <Filter>ヘッダー ファイル\application\particle</Filter>
    </ClInclude>
    <ClInclude Include="Source\application\debug\ImGuiManager.h">
      <Filter>ヘッダー ファイル\application\debug</Filter>
    </ClInclude>
    <ClInclude Include="Source\engine\math\Vector3.h">
      <Filter>ヘッダー ファイル\engine\math</Filter>
    </ClInclude>
    <ClInclude Include="Source\engine\math\Quaternion.h">
      <Filter>ヘッダー ファイル\engine\math</Filter>
    </ClInclude>
    <ClInclude Include="Source\engine\math\Matrix4.h">
      <Filter>ヘッダー ファイル\engine\math</Filter>
    </ClInclude>
    <ClInclude Include="Source\engine\math\Vector2.h">
      <Filter>ヘッダー ファイル\engine\math</Filter>
    </ClInclude>
    <ClInclude Include="Source\engine\2d\TextureManager.h">
      <Filter>ヘッダー ファイル\engine\2d</Filter>
    </ClInclude>
    <ClInclude Include="Source\engine\math\Vector4.h">
      <Filter>ヘッダー ファイル\engine\math</Filter>
    </ClInclude>
    <ClInclude Include="Source\application\object\BackGround.h">
      <Filter>ヘッダー ファイル\application\object</Filter>
    </ClInclude>
    <ClInclude Include="Source\engine\math\Easing.h">
      <Filter>ヘッダー ファイル\engine\math</Filter>
    </ClInclude>
    <ClInclude Include="resource.h">
      <Filter>ヘッダー ファイル</Filter>
    </ClInclude>
    <ClInclude Include="Source\application\particle\GroundParticle.h">
      <Filter>ヘッダー ファイル\application\particle</Filter>
    </ClInclude>
    <ClInclude Include="Source\application\object\HitWall.h">
      <Filter>ヘッダー ファイル\application\object</Filter>
    </ClInclude>
    <ClInclude Include="Source\application\scene\StageSelect.h">
      <Filter>ヘッダー ファイル\application\scene</Filter>
    </ClInclude>
    <ClInclude Include="Source\application\scene\TutorialScene.h">
      <Filter>ヘッダー ファイル\application\scene</Filter>
    </ClInclude>
    <ClInclude Include="Source\application\scene\SceneFactory.h">
      <Filter>ヘッダー ファイル\application\scene</Filter>
    </ClInclude>
    <ClInclude Include="Source\application\particle\ParticleEmitter.h">
      <Filter>ヘッダー ファイル\application\particle</Filter>
    </ClInclude>
    <ClInclude Include="Source\engine\audio\SoundManager.h">
      <Filter>ヘッダー ファイル\engine\audio</Filter>
    </ClInclude>
    <ClInclude Include="Source\application\particle\BlockParticle.h">
      <Filter>ヘッダー ファイル\application\particle</Filter>
    </ClInclude>
    <ClInclude Include="Source\application\particle\ObjParticleManager.h">
      <Filter>ヘッダー ファイル\application\particle</Filter>
    </ClInclude>
    <ClInclude Include="Source\application\particle\ObjParticleEmitter.h">
      <Filter>ヘッダー ファイル\application\particle</Filter>
    </ClInclude>
    <ClInclude Include="Source\application\particle\LandParticle.h">
      <Filter>ヘッダー ファイル\application\particle</Filter>
    </ClInclude>
    <ClInclude Include="Source\application\particle\DeadParticle.h">
      <Filter>ヘッダー ファイル\application\particle</Filter>
    </ClInclude>
    <ClInclude Include="Source\engine\collision\QueryCallback.h">
      <Filter>ヘッダー ファイル\engine\collision</Filter>
    </ClInclude>
    <ClInclude Include="Source\application\game\GameSpeed.h">
      <Filter>ヘッダー ファイル</Filter>
    </ClInclude>
    <ClInclude Include="Source\application\particle\SecondJump2DParticle.h">
      <Filter>ヘッダー ファイル</Filter>
    </ClInclude>
    <ClInclude Include="Source\application\particle\BreakParticle.h">
      <Filter>ヘッダー ファイル</Filter>
    </ClInclude>
    <ClInclude Include="Source\application\game\GameTimer.h">
      <Filter>ヘッダー ファイル</Filter>
    </ClInclude>
    <ClInclude Include="Source\application\particle\HitParticle2D.h">
      <Filter>ヘッダー ファイル</Filter>
    </ClInclude>
    <ClInclude Include="Source\engine\2d\TextureConverter.h">
      <Filter>ヘッダー ファイル</Filter>
    </ClInclude>
    <ClInclude Include="Source\application\object\GoalOBJ.h">
      <Filter>ヘッダー ファイル</Filter>
    </ClInclude>
    <ClInclude Include="Source\application\object\ObjectColor.h">
      <Filter>ヘッダー ファイル</Filter>
    </ClInclude>
    <ClInclude Include="Source\application\object\MirrorPlayer.h">
      <Filter>ヘッダー ファイル</Filter>
    </ClInclude>
    <ClInclude Include="Source\application\event\TutorialEvent.h">
      <Filter>ヘッダー ファイル</Filter>
    </ClInclude>
    <ClInclude Include="Source\application\event\Event.h">
      <Filter>ヘッダー ファイル</Filter>
    </ClInclude>
    <ClInclude Include="Source\application\sprite\GameSprite.h">
      <Filter>ヘッダー ファイル</Filter>
    </ClInclude>
  </ItemGroup>
  <ItemGroup>
    <None Include="Resources\Shaders\Basic.hlsli">
      <Filter>シェーダーファイル</Filter>
    </None>
    <None Include="Resources\Shaders\Sprite.hlsli">
      <Filter>シェーダーファイル</Filter>
    </None>
    <None Include="Resources\Shaders\Object3D.hlsli">
      <Filter>シェーダーファイル</Filter>
    </None>
    <None Include="Resources\Shaders\PostEffect.hlsli">
      <Filter>シェーダーファイル</Filter>
    </None>
    <None Include=".editorconfig" />
    <None Include="Resources\Shaders\Particle.hlsli">
      <Filter>リソース ファイル\Shaders</Filter>
    </None>
  </ItemGroup>
  <ItemGroup>
    <FxCompile Include="Resources\Shaders\BasicPS.hlsl">
      <Filter>シェーダーファイル</Filter>
    </FxCompile>
    <FxCompile Include="Resources\Shaders\BasicVS.hlsl">
      <Filter>シェーダーファイル</Filter>
    </FxCompile>
    <FxCompile Include="Resources\Shaders\SpritePS.hlsl">
      <Filter>シェーダーファイル</Filter>
    </FxCompile>
    <FxCompile Include="Resources\Shaders\SpriteVS.hlsl">
      <Filter>シェーダーファイル</Filter>
    </FxCompile>
    <FxCompile Include="Resources\Shaders\Object3DPS.hlsl">
      <Filter>シェーダーファイル</Filter>
    </FxCompile>
    <FxCompile Include="Resources\Shaders\Object3DVS.hlsl">
      <Filter>シェーダーファイル</Filter>
    </FxCompile>
    <FxCompile Include="Resources\Shaders\PostEffectPS.hlsl">
      <Filter>シェーダーファイル</Filter>
    </FxCompile>
    <FxCompile Include="Resources\Shaders\PostEffectVS.hlsl">
      <Filter>シェーダーファイル</Filter>
    </FxCompile>
    <FxCompile Include="Resources\Shaders\Object3DGS.hlsl">
      <Filter>リソース ファイル\Shaders</Filter>
    </FxCompile>
    <FxCompile Include="Resources\Shaders\ParticleGS.hlsl">
      <Filter>リソース ファイル\Shaders</Filter>
    </FxCompile>
    <FxCompile Include="Resources\Shaders\ParticlePS.hlsl">
      <Filter>リソース ファイル\Shaders</Filter>
    </FxCompile>
    <FxCompile Include="Resources\Shaders\ParticleVS.hlsl">
      <Filter>リソース ファイル\Shaders</Filter>
    </FxCompile>
  </ItemGroup>
  <ItemGroup>
    <ResourceCompile Include="ChameleonBall.rc">
      <Filter>リソース ファイル</Filter>
    </ResourceCompile>
  </ItemGroup>
</Project>