
Microsoft Visual Studio Solution File, Format Version 12.00
# Visual Studio Version 17
VisualStudioVersion = 17.1.32328.378
MinimumVisualStudioVersion = 10.0.40219.1
Project("{8BC9CEB8-8B4A-11D0-8D11-00A0C91BC942}") = "ChameleonBall", "ChameleonBall.vcxproj", "{40D198F6-3465-4A4F-B3F9-E2C16CBBBDFB}"
EndProject
Project("{2150E333-8FDC-42A3-9474-1A3956D46DE8}") = "External", "External", "{5D6BFD22-2A41-4C88-87C0-8A3A95BFE7B8}"
EndProject
Project("{8BC9CEB8-8B4A-11D0-8D11-00A0C91BC942}") = "imgui", "External\imgui\imgui.vcxproj", "{26FA002B-EC0D-4D7A-A69F-8EAA7662802E}"
EndProject
Global
	GlobalSection(SolutionConfigurationPlatforms) = preSolution
		Debug|x64 = Debug|x64
		Release|x64 = Release|x64
	EndGlobalSection
	GlobalSection(ProjectConfigurationPlatforms) = postSolution
		{40D198F6-3465-4A4F-B3F9-E2C16CBBBDFB}.Debug|x64.ActiveCfg = Debug|x64
		{40D198F6-3465-4A4F-B3F9-E2C16CBBBDFB}.Debug|x64.Build.0 = Debug|x64
		{40D198F6-3465-4A4F-B3F9-E2C16CBBBDFB}.Release|x64.ActiveCfg = Release|x64
		{40D198F6-3465-4A4F-B3F9-E2C16CBBBDFB}.Release|x64.Build.0 = Release|x64
		{26FA002B-EC0D-4D7A-A69F-8EAA7662802E}.Debug|x64.ActiveCfg = Debug|x64
		{26FA002B-EC0D-4D7A-A69F-8EAA7662802E}.Debug|x64.Build.0 = Debug|x64
		{26FA002B-EC0D-4D7A-A69F-8EAA7662802E}.Release|x64.ActiveCfg = Release|x64
		{26FA002B-EC0D-4D7A-A69F-8EAA7662802E}.Release|x64.Build.0 = Release|x64
	EndGlobalSection
	GlobalSection(SolutionProperties) = preSolution
		HideSolutionNode = FALSE
	EndGlobalSection
	GlobalSection(NestedProjects) = preSolution
		{26FA002B-EC0D-4D7A-A69F-8EAA7662802E} = {5D6BFD22-2A41-4C88-87C0-8A3A95BFE7B8}
	EndGlobalSection
	GlobalSection(ExtensibilityGlobals) = postSolution
		SolutionGuid = {9DA684E1-C675-47AA-AE0F-0D9E7F2920F4}
	EndGlobalSection
EndGlobal
